
Microsoft Visual Studio Solution File, Format Version 12.00
# Visual Studio Version 17
VisualStudioVersion = 17.10.34916.146
MinimumVisualStudioVersion = 10.0.40219.1
Project("{FAE04EC0-301F-11D3-BF4B-00C04F79EFBC}") = "TestProj.Api", "TestProj.Api.csproj", "{1FFC39F8-C46F-46A7-BC2E-A6B6C6F3A8F6}"
EndProject
Global
	GlobalSection(SolutionConfigurationPlatforms) = preSolution
		Debug|Any CPU = Debug|Any CPU
		Release|Any CPU = Release|Any CPU
	EndGlobalSection
	GlobalSection(ProjectConfigurationPlatforms) = postSolution
		{1FFC39F8-C46F-46A7-BC2E-A6B6C6F3A8F6}.Debug|Any CPU.ActiveCfg = Debug|Any CPU
		{1FFC39F8-C46F-46A7-BC2E-A6B6C6F3A8F6}.Debug|Any CPU.Build.0 = Debug|Any CPU
		{1FFC39F8-C46F-46A7-BC2E-A6B6C6F3A8F6}.Release|Any CPU.ActiveCfg = Release|Any CPU
		{1FFC39F8-C46F-46A7-BC2E-A6B6C6F3A8F6}.Release|Any CPU.Build.0 = Release|Any CPU
	EndGlobalSection
	GlobalSection(SolutionProperties) = preSolution
		HideSolutionNode = FALSE
	EndGlobalSection
	GlobalSection(ExtensibilityGlobals) = postSolution
		SolutionGuid = {1415A8D8-DC61-485E-9541-8D4A77D13063}
	EndGlobalSection
EndGlobal
